// !$*UTF8*$!
{
	archiveVersion = 1;
	classes = {
	};
	objectVersion = 46;
	objects = {

/* Begin PBXBuildFile section */
		1A845C231B86C7E100C9801F /* main.m in Sources */ = {isa = PBXBuildFile; fileRef = 1A845C221B86C7E100C9801F /* main.m */; };
		1A845C261B86C7E100C9801F /* AppDelegate.m in Sources */ = {isa = PBXBuildFile; fileRef = 1A845C251B86C7E100C9801F /* AppDelegate.m */; };
		1A845C291B86C7E100C9801F /* ViewController.m in Sources */ = {isa = PBXBuildFile; fileRef = 1A845C281B86C7E100C9801F /* ViewController.m */; };
		1A845C2C1B86C7E100C9801F /* Main.storyboard in Resources */ = {isa = PBXBuildFile; fileRef = 1A845C2A1B86C7E100C9801F /* Main.storyboard */; };
		1A845C2E1B86C7E100C9801F /* Images.xcassets in Resources */ = {isa = PBXBuildFile; fileRef = 1A845C2D1B86C7E100C9801F /* Images.xcassets */; };
		1A845C311B86C7E100C9801F /* LaunchScreen.xib in Resources */ = {isa = PBXBuildFile; fileRef = 1A845C2F1B86C7E100C9801F /* LaunchScreen.xib */; };
		1A845C3D1B86C7E100C9801F /* M2QuickKitStringDragonTests.m in Sources */ = {isa = PBXBuildFile; fileRef = 1A845C3C1B86C7E100C9801F /* M2QuickKitStringDragonTests.m */; };
		1A845C511B86C89400C9801F /* M2QuickKitStringDragon.pch in Resources */ = {isa = PBXBuildFile; fileRef = 1A845C501B86C87E00C9801F /* M2QuickKitStringDragon.pch */; };
		1A845C551B86C8FE00C9801F /* PinyinViewController.m in Sources */ = {isa = PBXBuildFile; fileRef = 1A845C541B86C8FE00C9801F /* PinyinViewController.m */; };
		1A845C581B86C92000C9801F /* NSString+Pinyin.m in Sources */ = {isa = PBXBuildFile; fileRef = 1A845C571B86C92000C9801F /* NSString+Pinyin.m */; };
		1A845C5C1B86CAD800C9801F /* M7DebugLogFormatter.m in Sources */ = {isa = PBXBuildFile; fileRef = 1A845C5B1B86CAD800C9801F /* M7DebugLogFormatter.m */; };
		B8515E5B53AC51F95C1A8B41 /* libPods-M2QuickKitStringDragon.a in Frameworks */ = {isa = PBXBuildFile; fileRef = 561A64DC3D0F15916AE027A0 /* libPods-M2QuickKitStringDragon.a */; };
/* End PBXBuildFile section */

/* Begin PBXContainerItemProxy section */
		1A845C371B86C7E100C9801F /* PBXContainerItemProxy */ = {
			isa = PBXContainerItemProxy;
			containerPortal = 1A845C151B86C7E100C9801F /* Project object */;
			proxyType = 1;
			remoteGlobalIDString = 1A845C1C1B86C7E100C9801F;
			remoteInfo = M2QuickKitStringDragon;
		};
/* End PBXContainerItemProxy section */

/* Begin PBXFileReference section */
		1A845C1D1B86C7E100C9801F /* M2QuickKitStringDragon.app */ = {isa = PBXFileReference; explicitFileType = wrapper.application; includeInIndex = 0; path = M2QuickKitStringDragon.app; sourceTree = BUILT_PRODUCTS_DIR; };
		1A845C211B86C7E100C9801F /* Info.plist */ = {isa = PBXFileReference; lastKnownFileType = text.plist.xml; path = Info.plist; sourceTree = "<group>"; };
		1A845C221B86C7E100C9801F /* main.m */ = {isa = PBXFileReference; lastKnownFileType = sourcecode.c.objc; path = main.m; sourceTree = "<group>"; };
		1A845C241B86C7E100C9801F /* AppDelegate.h */ = {isa = PBXFileReference; lastKnownFileType = sourcecode.c.h; path = AppDelegate.h; sourceTree = "<group>"; };
		1A845C251B86C7E100C9801F /* AppDelegate.m */ = {isa = PBXFileReference; lastKnownFileType = sourcecode.c.objc; path = AppDelegate.m; sourceTree = "<group>"; };
		1A845C271B86C7E100C9801F /* ViewController.h */ = {isa = PBXFileReference; lastKnownFileType = sourcecode.c.h; path = ViewController.h; sourceTree = "<group>"; };
		1A845C281B86C7E100C9801F /* ViewController.m */ = {isa = PBXFileReference; lastKnownFileType = sourcecode.c.objc; path = ViewController.m; sourceTree = "<group>"; };
		1A845C2B1B86C7E100C9801F /* Base */ = {isa = PBXFileReference; lastKnownFileType = file.storyboard; name = Base; path = Base.lproj/Main.storyboard; sourceTree = "<group>"; };
		1A845C2D1B86C7E100C9801F /* Images.xcassets */ = {isa = PBXFileReference; lastKnownFileType = folder.assetcatalog; path = Images.xcassets; sourceTree = "<group>"; };
		1A845C301B86C7E100C9801F /* Base */ = {isa = PBXFileReference; lastKnownFileType = file.xib; name = Base; path = Base.lproj/LaunchScreen.xib; sourceTree = "<group>"; };
		1A845C361B86C7E100C9801F /* M2QuickKitStringDragonTests.xctest */ = {isa = PBXFileReference; explicitFileType = wrapper.cfbundle; includeInIndex = 0; path = M2QuickKitStringDragonTests.xctest; sourceTree = BUILT_PRODUCTS_DIR; };
		1A845C3B1B86C7E100C9801F /* Info.plist */ = {isa = PBXFileReference; lastKnownFileType = text.plist.xml; path = Info.plist; sourceTree = "<group>"; };
		1A845C3C1B86C7E100C9801F /* M2QuickKitStringDragonTests.m */ = {isa = PBXFileReference; lastKnownFileType = sourcecode.c.objc; path = M2QuickKitStringDragonTests.m; sourceTree = "<group>"; };
		1A845C501B86C87E00C9801F /* M2QuickKitStringDragon.pch */ = {isa = PBXFileReference; lastKnownFileType = sourcecode.c.h; path = M2QuickKitStringDragon.pch; sourceTree = "<group>"; };
		1A845C531B86C8FE00C9801F /* PinyinViewController.h */ = {isa = PBXFileReference; fileEncoding = 4; lastKnownFileType = sourcecode.c.h; path = PinyinViewController.h; sourceTree = "<group>"; };
		1A845C541B86C8FE00C9801F /* PinyinViewController.m */ = {isa = PBXFileReference; fileEncoding = 4; lastKnownFileType = sourcecode.c.objc; path = PinyinViewController.m; sourceTree = "<group>"; };
		1A845C561B86C92000C9801F /* NSString+Pinyin.h */ = {isa = PBXFileReference; fileEncoding = 4; lastKnownFileType = sourcecode.c.h; path = "NSString+Pinyin.h"; sourceTree = "<group>"; };
		1A845C571B86C92000C9801F /* NSString+Pinyin.m */ = {isa = PBXFileReference; fileEncoding = 4; lastKnownFileType = sourcecode.c.objc; path = "NSString+Pinyin.m"; sourceTree = "<group>"; };
		1A845C5A1B86CAD800C9801F /* M7DebugLogFormatter.h */ = {isa = PBXFileReference; fileEncoding = 4; lastKnownFileType = sourcecode.c.h; path = M7DebugLogFormatter.h; sourceTree = "<group>"; };
		1A845C5B1B86CAD800C9801F /* M7DebugLogFormatter.m */ = {isa = PBXFileReference; fileEncoding = 4; lastKnownFileType = sourcecode.c.objc; path = M7DebugLogFormatter.m; sourceTree = "<group>"; };
		561A64DC3D0F15916AE027A0 /* libPods-M2QuickKitStringDragon.a */ = {isa = PBXFileReference; explicitFileType = archive.ar; includeInIndex = 0; path = "libPods-M2QuickKitStringDragon.a"; sourceTree = BUILT_PRODUCTS_DIR; };
		D4163B0B2DF69F7858489997 /* Pods-M2QuickKitStringDragon.debug.xcconfig */ = {isa = PBXFileReference; includeInIndex = 1; lastKnownFileType = text.xcconfig; name = "Pods-M2QuickKitStringDragon.debug.xcconfig"; path = "Pods/Target Support Files/Pods-M2QuickKitStringDragon/Pods-M2QuickKitStringDragon.debug.xcconfig"; sourceTree = "<group>"; };
		FF21EC1235737B5A934C9E98 /* Pods-M2QuickKitStringDragon.release.xcconfig */ = {isa = PBXFileReference; includeInIndex = 1; lastKnownFileType = text.xcconfig; name = "Pods-M2QuickKitStringDragon.release.xcconfig"; path = "Pods/Target Support Files/Pods-M2QuickKitStringDragon/Pods-M2QuickKitStringDragon.release.xcconfig"; sourceTree = "<group>"; };
/* End PBXFileReference section */

/* Begin PBXFrameworksBuildPhase section */
		1A845C1A1B86C7E100C9801F /* Frameworks */ = {
			isa = PBXFrameworksBuildPhase;
			buildActionMask = 2147483647;
			files = (
				B8515E5B53AC51F95C1A8B41 /* libPods-M2QuickKitStringDragon.a in Frameworks */,
			);
			runOnlyForDeploymentPostprocessing = 0;
		};
		1A845C331B86C7E100C9801F /* Frameworks */ = {
			isa = PBXFrameworksBuildPhase;
			buildActionMask = 2147483647;
			files = (
			);
			runOnlyForDeploymentPostprocessing = 0;
		};
/* End PBXFrameworksBuildPhase section */

/* Begin PBXGroup section */
		1A845C141B86C7E100C9801F = {
			isa = PBXGroup;
			children = (
				1A845C1F1B86C7E100C9801F /* M2QuickKitStringDragon */,
				1A845C391B86C7E100C9801F /* M2QuickKitStringDragonTests */,
				1A845C1E1B86C7E100C9801F /* Products */,
				D19A26336774761A2571EEBB /* Pods */,
				EA4D7747190DFCD861C2DFCB /* Frameworks */,
			);
			sourceTree = "<group>";
		};
		1A845C1E1B86C7E100C9801F /* Products */ = {
			isa = PBXGroup;
			children = (
				1A845C1D1B86C7E100C9801F /* M2QuickKitStringDragon.app */,
				1A845C361B86C7E100C9801F /* M2QuickKitStringDragonTests.xctest */,
			);
			name = Products;
			sourceTree = "<group>";
		};
		1A845C1F1B86C7E100C9801F /* M2QuickKitStringDragon */ = {
			isa = PBXGroup;
			children = (
				1A845C241B86C7E100C9801F /* AppDelegate.h */,
				1A845C251B86C7E100C9801F /* AppDelegate.m */,
				1A845C2F1B86C7E100C9801F /* LaunchScreen.xib */,
				1A845C271B86C7E100C9801F /* ViewController.h */,
				1A845C281B86C7E100C9801F /* ViewController.m */,
				1A845C2A1B86C7E100C9801F /* Main.storyboard */,
				1A845C4C1B86C84700C9801F /* UILogic */,
				1A845C491B86C84700C9801F /* UICommon */,
				1A845C471B86C84700C9801F /* Model */,
				1A845C481B86C84700C9801F /* RemoteDataHelper */,
				1A845C461B86C84700C9801F /* LocalDataHelper */,
				1A845C4D1B86C84700C9801F /* Utils */,
				1A845C2D1B86C7E100C9801F /* Images.xcassets */,
				1A845C4E1B86C85000C9801F /* Resources */,
				1A845C201B86C7E100C9801F /* Supporting Files */,
			);
			path = M2QuickKitStringDragon;
			sourceTree = "<group>";
		};
		1A845C201B86C7E100C9801F /* Supporting Files */ = {
			isa = PBXGroup;
			children = (
				1A845C211B86C7E100C9801F /* Info.plist */,
				1A845C221B86C7E100C9801F /* main.m */,
				1A845C501B86C87E00C9801F /* M2QuickKitStringDragon.pch */,
			);
			name = "Supporting Files";
			sourceTree = "<group>";
		};
		1A845C391B86C7E100C9801F /* M2QuickKitStringDragonTests */ = {
			isa = PBXGroup;
			children = (
				1A845C3C1B86C7E100C9801F /* M2QuickKitStringDragonTests.m */,
				1A845C3A1B86C7E100C9801F /* Supporting Files */,
			);
			path = M2QuickKitStringDragonTests;
			sourceTree = "<group>";
		};
		1A845C3A1B86C7E100C9801F /* Supporting Files */ = {
			isa = PBXGroup;
			children = (
				1A845C3B1B86C7E100C9801F /* Info.plist */,
			);
			name = "Supporting Files";
			sourceTree = "<group>";
		};
		1A845C461B86C84700C9801F /* LocalDataHelper */ = {
			isa = PBXGroup;
			children = (
			);
			name = LocalDataHelper;
			path = Src/LocalDataHelper;
			sourceTree = "<group>";
		};
		1A845C471B86C84700C9801F /* Model */ = {
			isa = PBXGroup;
			children = (
			);
			name = Model;
			path = Src/Model;
			sourceTree = "<group>";
		};
		1A845C481B86C84700C9801F /* RemoteDataHelper */ = {
			isa = PBXGroup;
			children = (
			);
			name = RemoteDataHelper;
			path = Src/RemoteDataHelper;
			sourceTree = "<group>";
		};
		1A845C491B86C84700C9801F /* UICommon */ = {
			isa = PBXGroup;
			children = (
				1A845C4A1B86C84700C9801F /* UIComponent */,
				1A845C4B1B86C84700C9801F /* UIUtils */,
			);
			name = UICommon;
			path = Src/UICommon;
			sourceTree = "<group>";
		};
		1A845C4A1B86C84700C9801F /* UIComponent */ = {
			isa = PBXGroup;
			children = (
			);
			path = UIComponent;
			sourceTree = "<group>";
		};
		1A845C4B1B86C84700C9801F /* UIUtils */ = {
			isa = PBXGroup;
			children = (
			);
			path = UIUtils;
			sourceTree = "<group>";
		};
		1A845C4C1B86C84700C9801F /* UILogic */ = {
			isa = PBXGroup;
			children = (
				1A845C521B86C8C600C9801F /* Pinyin */,
			);
			name = UILogic;
			path = Src/UILogic;
			sourceTree = "<group>";
		};
		1A845C4D1B86C84700C9801F /* Utils */ = {
			isa = PBXGroup;
			children = (
				1A845C591B86CAD800C9801F /* Log */,
			);
			name = Utils;
			path = Src/Utils;
			sourceTree = "<group>";
		};
		1A845C4E1B86C85000C9801F /* Resources */ = {
			isa = PBXGroup;
			children = (
				1A845C4F1B86C85000C9801F /* Iamges */,
			);
			path = Resources;
			sourceTree = "<group>";
		};
		1A845C4F1B86C85000C9801F /* Iamges */ = {
			isa = PBXGroup;
			children = (
			);
			path = Iamges;
			sourceTree = "<group>";
		};
		1A845C521B86C8C600C9801F /* Pinyin */ = {
			isa = PBXGroup;
			children = (
				1A845C531B86C8FE00C9801F /* PinyinViewController.h */,
				1A845C541B86C8FE00C9801F /* PinyinViewController.m */,
				1A845C561B86C92000C9801F /* NSString+Pinyin.h */,
				1A845C571B86C92000C9801F /* NSString+Pinyin.m */,
			);
			path = Pinyin;
			sourceTree = "<group>";
		};
		1A845C591B86CAD800C9801F /* Log */ = {
			isa = PBXGroup;
			children = (
				1A845C5A1B86CAD800C9801F /* M7DebugLogFormatter.h */,
				1A845C5B1B86CAD800C9801F /* M7DebugLogFormatter.m */,
			);
			path = Log;
			sourceTree = "<group>";
		};
		D19A26336774761A2571EEBB /* Pods */ = {
			isa = PBXGroup;
			children = (
				D4163B0B2DF69F7858489997 /* Pods-M2QuickKitStringDragon.debug.xcconfig */,
				FF21EC1235737B5A934C9E98 /* Pods-M2QuickKitStringDragon.release.xcconfig */,
			);
			name = Pods;
			sourceTree = "<group>";
		};
		EA4D7747190DFCD861C2DFCB /* Frameworks */ = {
			isa = PBXGroup;
			children = (
				561A64DC3D0F15916AE027A0 /* libPods-M2QuickKitStringDragon.a */,
			);
			name = Frameworks;
			sourceTree = "<group>";
		};
/* End PBXGroup section */

/* Begin PBXNativeTarget section */
		1A845C1C1B86C7E100C9801F /* M2QuickKitStringDragon */ = {
			isa = PBXNativeTarget;
			buildConfigurationList = 1A845C401B86C7E100C9801F /* Build configuration list for PBXNativeTarget "M2QuickKitStringDragon" */;
			buildPhases = (
				03E683D8C12EC93510CA2A62 /* Check Pods Manifest.lock */,
				1A845C191B86C7E100C9801F /* Sources */,
				1A845C1A1B86C7E100C9801F /* Frameworks */,
				1A845C1B1B86C7E100C9801F /* Resources */,
				32DEF163EFF782F07D646881 /* Copy Pods Resources */,
			);
			buildRules = (
			);
			dependencies = (
			);
			name = M2QuickKitStringDragon;
			productName = M2QuickKitStringDragon;
			productReference = 1A845C1D1B86C7E100C9801F /* M2QuickKitStringDragon.app */;
			productType = "com.apple.product-type.application";
		};
		1A845C351B86C7E100C9801F /* M2QuickKitStringDragonTests */ = {
			isa = PBXNativeTarget;
			buildConfigurationList = 1A845C431B86C7E100C9801F /* Build configuration list for PBXNativeTarget "M2QuickKitStringDragonTests" */;
			buildPhases = (
				1A845C321B86C7E100C9801F /* Sources */,
				1A845C331B86C7E100C9801F /* Frameworks */,
				1A845C341B86C7E100C9801F /* Resources */,
			);
			buildRules = (
			);
			dependencies = (
				1A845C381B86C7E100C9801F /* PBXTargetDependency */,
			);
			name = M2QuickKitStringDragonTests;
			productName = M2QuickKitStringDragonTests;
			productReference = 1A845C361B86C7E100C9801F /* M2QuickKitStringDragonTests.xctest */;
			productType = "com.apple.product-type.bundle.unit-test";
		};
/* End PBXNativeTarget section */

/* Begin PBXProject section */
		1A845C151B86C7E100C9801F /* Project object */ = {
			isa = PBXProject;
			attributes = {
				LastUpgradeCheck = 0640;
				ORGANIZATIONNAME = chenms.m2;
				TargetAttributes = {
					1A845C1C1B86C7E100C9801F = {
						CreatedOnToolsVersion = 6.4;
					};
					1A845C351B86C7E100C9801F = {
						CreatedOnToolsVersion = 6.4;
						TestTargetID = 1A845C1C1B86C7E100C9801F;
					};
				};
			};
			buildConfigurationList = 1A845C181B86C7E100C9801F /* Build configuration list for PBXProject "M2QuickKitStringDragon" */;
			compatibilityVersion = "Xcode 3.2";
			developmentRegion = English;
			hasScannedForEncodings = 0;
			knownRegions = (
				en,
				Base,
			);
			mainGroup = 1A845C141B86C7E100C9801F;
			productRefGroup = 1A845C1E1B86C7E100C9801F /* Products */;
			projectDirPath = "";
			projectRoot = "";
			targets = (
				1A845C1C1B86C7E100C9801F /* M2QuickKitStringDragon */,
				1A845C351B86C7E100C9801F /* M2QuickKitStringDragonTests */,
			);
		};
/* End PBXProject section */

/* Begin PBXResourcesBuildPhase section */
		1A845C1B1B86C7E100C9801F /* Resources */ = {
			isa = PBXResourcesBuildPhase;
			buildActionMask = 2147483647;
			files = (
				1A845C511B86C89400C9801F /* M2QuickKitStringDragon.pch in Resources */,
				1A845C2C1B86C7E100C9801F /* Main.storyboard in Resources */,
				1A845C311B86C7E100C9801F /* LaunchScreen.xib in Resources */,
				1A845C2E1B86C7E100C9801F /* Images.xcassets in Resources */,
			);
			runOnlyForDeploymentPostprocessing = 0;
		};
		1A845C341B86C7E100C9801F /* Resources */ = {
			isa = PBXResourcesBuildPhase;
			buildActionMask = 2147483647;
			files = (
			);
			runOnlyForDeploymentPostprocessing = 0;
		};
/* End PBXResourcesBuildPhase section */

/* Begin PBXShellScriptBuildPhase section */
		03E683D8C12EC93510CA2A62 /* Check Pods Manifest.lock */ = {
			isa = PBXShellScriptBuildPhase;
			buildActionMask = 2147483647;
			files = (
			);
			inputPaths = (
			);
			name = "Check Pods Manifest.lock";
			outputPaths = (
			);
			runOnlyForDeploymentPostprocessing = 0;
			shellPath = /bin/sh;
			shellScript = "diff \"${PODS_ROOT}/../Podfile.lock\" \"${PODS_ROOT}/Manifest.lock\" > /dev/null\nif [[ $? != 0 ]] ; then\n    cat << EOM\nerror: The sandbox is not in sync with the Podfile.lock. Run 'pod install' or update your CocoaPods installation.\nEOM\n    exit 1\nfi\n";
			showEnvVarsInLog = 0;
		};
		32DEF163EFF782F07D646881 /* Copy Pods Resources */ = {
			isa = PBXShellScriptBuildPhase;
			buildActionMask = 2147483647;
			files = (
			);
			inputPaths = (
			);
			name = "Copy Pods Resources";
			outputPaths = (
			);
			runOnlyForDeploymentPostprocessing = 0;
			shellPath = /bin/sh;
			shellScript = "\"${SRCROOT}/Pods/Target Support Files/Pods-M2QuickKitStringDragon/Pods-M2QuickKitStringDragon-resources.sh\"\n";
			showEnvVarsInLog = 0;
		};
/* End PBXShellScriptBuildPhase section */

/* Begin PBXSourcesBuildPhase section */
		1A845C191B86C7E100C9801F /* Sources */ = {
			isa = PBXSourcesBuildPhase;
			buildActionMask = 2147483647;
			files = (
				1A845C581B86C92000C9801F /* NSString+Pinyin.m in Sources */,
				1A845C291B86C7E100C9801F /* ViewController.m in Sources */,
				1A845C261B86C7E100C9801F /* AppDelegate.m in Sources */,
				1A845C231B86C7E100C9801F /* main.m in Sources */,
				1A845C551B86C8FE00C9801F /* PinyinViewController.m in Sources */,
				1A845C5C1B86CAD800C9801F /* M7DebugLogFormatter.m in Sources */,
			);
			runOnlyForDeploymentPostprocessing = 0;
		};
		1A845C321B86C7E100C9801F /* Sources */ = {
			isa = PBXSourcesBuildPhase;
			buildActionMask = 2147483647;
			files = (
				1A845C3D1B86C7E100C9801F /* M2QuickKitStringDragonTests.m in Sources */,
			);
			runOnlyForDeploymentPostprocessing = 0;
		};
/* End PBXSourcesBuildPhase section */

/* Begin PBXTargetDependency section */
		1A845C381B86C7E100C9801F /* PBXTargetDependency */ = {
			isa = PBXTargetDependency;
			target = 1A845C1C1B86C7E100C9801F /* M2QuickKitStringDragon */;
			targetProxy = 1A845C371B86C7E100C9801F /* PBXContainerItemProxy */;
		};
/* End PBXTargetDependency section */

/* Begin PBXVariantGroup section */
		1A845C2A1B86C7E100C9801F /* Main.storyboard */ = {
			isa = PBXVariantGroup;
			children = (
				1A845C2B1B86C7E100C9801F /* Base */,
			);
			name = Main.storyboard;
			sourceTree = "<group>";
		};
		1A845C2F1B86C7E100C9801F /* LaunchScreen.xib */ = {
			isa = PBXVariantGroup;
			children = (
				1A845C301B86C7E100C9801F /* Base */,
			);
			name = LaunchScreen.xib;
			sourceTree = "<group>";
		};
/* End PBXVariantGroup section */

/* Begin XCBuildConfiguration section */
		1A845C3E1B86C7E100C9801F /* Debug */ = {
			isa = XCBuildConfiguration;
			buildSettings = {
				ALWAYS_SEARCH_USER_PATHS = NO;
				CLANG_CXX_LANGUAGE_STANDARD = "gnu++0x";
				CLANG_CXX_LIBRARY = "libc++";
				CLANG_ENABLE_MODULES = YES;
				CLANG_ENABLE_OBJC_ARC = YES;
				CLANG_WARN_BOOL_CONVERSION = YES;
				CLANG_WARN_CONSTANT_CONVERSION = YES;
				CLANG_WARN_DIRECT_OBJC_ISA_USAGE = YES_ERROR;
				CLANG_WARN_EMPTY_BODY = YES;
				CLANG_WARN_ENUM_CONVERSION = YES;
				CLANG_WARN_INT_CONVERSION = YES;
				CLANG_WARN_OBJC_ROOT_CLASS = YES_ERROR;
				CLANG_WARN_UNREACHABLE_CODE = YES;
				CLANG_WARN__DUPLICATE_METHOD_MATCH = YES;
				"CODE_SIGN_IDENTITY[sdk=iphoneos*]" = "iPhone Developer";
				COPY_PHASE_STRIP = NO;
				DEBUG_INFORMATION_FORMAT = "dwarf-with-dsym";
				ENABLE_STRICT_OBJC_MSGSEND = YES;
				GCC_C_LANGUAGE_STANDARD = gnu99;
				GCC_DYNAMIC_NO_PIC = NO;
				GCC_NO_COMMON_BLOCKS = YES;
				GCC_OPTIMIZATION_LEVEL = 0;
				GCC_PREPROCESSOR_DEFINITIONS = (
					"DEBUG=1",
					"$(inherited)",
				);
				GCC_SYMBOLS_PRIVATE_EXTERN = NO;
				GCC_WARN_64_TO_32_BIT_CONVERSION = YES;
				GCC_WARN_ABOUT_RETURN_TYPE = YES_ERROR;
				GCC_WARN_UNDECLARED_SELECTOR = YES;
				GCC_WARN_UNINITIALIZED_AUTOS = YES_AGGRESSIVE;
				GCC_WARN_UNUSED_FUNCTION = YES;
				GCC_WARN_UNUSED_VARIABLE = YES;
				IPHONEOS_DEPLOYMENT_TARGET = 7.0;
				MTL_ENABLE_DEBUG_INFO = YES;
				ONLY_ACTIVE_ARCH = YES;
				SDKROOT = iphoneos;
				TARGETED_DEVICE_FAMILY = "1,2";
			};
			name = Debug;
		};
		1A845C3F1B86C7E100C9801F /* Release */ = {
			isa = XCBuildConfiguration;
			buildSettings = {
				ALWAYS_SEARCH_USER_PATHS = NO;
				CLANG_CXX_LANGUAGE_STANDARD = "gnu++0x";
				CLANG_CXX_LIBRARY = "libc++";
				CLANG_ENABLE_MODULES = YES;
				CLANG_ENABLE_OBJC_ARC = YES;
				CLANG_WARN_BOOL_CONVERSION = YES;
				CLANG_WARN_CONSTANT_CONVERSION = YES;
				CLANG_WARN_DIRECT_OBJC_ISA_USAGE = YES_ERROR;
				CLANG_WARN_EMPTY_BODY = YES;
				CLANG_WARN_ENUM_CONVERSION = YES;
				CLANG_WARN_INT_CONVERSION = YES;
				CLANG_WARN_OBJC_ROOT_CLASS = YES_ERROR;
				CLANG_WARN_UNREACHABLE_CODE = YES;
				CLANG_WARN__DUPLICATE_METHOD_MATCH = YES;
				"CODE_SIGN_IDENTITY[sdk=iphoneos*]" = "iPhone Developer";
				COPY_PHASE_STRIP = NO;
				DEBUG_INFORMATION_FORMAT = "dwarf-with-dsym";
				ENABLE_NS_ASSERTIONS = NO;
				ENABLE_STRICT_OBJC_MSGSEND = YES;
				GCC_C_LANGUAGE_STANDARD = gnu99;
				GCC_NO_COMMON_BLOCKS = YES;
				GCC_WARN_64_TO_32_BIT_CONVERSION = YES;
				GCC_WARN_ABOUT_RETURN_TYPE = YES_ERROR;
				GCC_WARN_UNDECLARED_SELECTOR = YES;
				GCC_WARN_UNINITIALIZED_AUTOS = YES_AGGRESSIVE;
				GCC_WARN_UNUSED_FUNCTION = YES;
				GCC_WARN_UNUSED_VARIABLE = YES;
				IPHONEOS_DEPLOYMENT_TARGET = 7.0;
				MTL_ENABLE_DEBUG_INFO = NO;
				SDKROOT = iphoneos;
				TARGETED_DEVICE_FAMILY = "1,2";
				VALIDATE_PRODUCT = YES;
			};
			name = Release;
		};
		1A845C411B86C7E100C9801F /* Debug */ = {
			isa = XCBuildConfiguration;
			baseConfigurationReference = D4163B0B2DF69F7858489997 /* Pods-M2QuickKitStringDragon.debug.xcconfig */;
			buildSettings = {
				ASSETCATALOG_COMPILER_APPICON_NAME = AppIcon;
				GCC_PRECOMPILE_PREFIX_HEADER = YES;
				GCC_PREFIX_HEADER = M2QuickKitStringDragon/M2QuickKitStringDragon.pch;
				INFOPLIST_FILE = M2QuickKitStringDragon/Info.plist;
				LD_RUNPATH_SEARCH_PATHS = "$(inherited) @executable_path/Frameworks";
				PRODUCT_NAME = "$(TARGET_NAME)";
			};
			name = Debug;
		};
		1A845C421B86C7E100C9801F /* Release */ = {
			isa = XCBuildConfiguration;
			baseConfigurationReference = FF21EC1235737B5A934C9E98 /* Pods-M2QuickKitStringDragon.release.xcconfig */;
			buildSettings = {
				ASSETCATALOG_COMPILER_APPICON_NAME = AppIcon;
				GCC_PRECOMPILE_PREFIX_HEADER = YES;
				GCC_PREFIX_HEADER = M2QuickKitStringDragon/M2QuickKitStringDragon.pch;
				INFOPLIST_FILE = M2QuickKitStringDragon/Info.plist;
				LD_RUNPATH_SEARCH_PATHS = "$(inherited) @executable_path/Frameworks";
				PRODUCT_NAME = "$(TARGET_NAME)";
			};
			name = Release;
		};
		1A845C441B86C7E100C9801F /* Debug */ = {
			isa = XCBuildConfiguration;
			buildSettings = {
				BUNDLE_LOADER = "$(TEST_HOST)";
				FRAMEWORK_SEARCH_PATHS = (
					"$(SDKROOT)/Developer/Library/Frameworks",
					"$(inherited)",
				);
				GCC_PREPROCESSOR_DEFINITIONS = (
					"DEBUG=1",
					"$(inherited)",
				);
				INFOPLIST_FILE = M2QuickKitStringDragonTests/Info.plist;
				LD_RUNPATH_SEARCH_PATHS = "$(inherited) @executable_path/Frameworks @loader_path/Frameworks";
				PRODUCT_NAME = "$(TARGET_NAME)";
				TEST_HOST = "$(BUILT_PRODUCTS_DIR)/M2QuickKitStringDragon.app/M2QuickKitStringDragon";
			};
			name = Debug;
		};
		1A845C451B86C7E100C9801F /* Release */ = {
			isa = XCBuildConfiguration;
			buildSettings = {
				BUNDLE_LOADER = "$(TEST_HOST)";
				FRAMEWORK_SEARCH_PATHS = (
					"$(SDKROOT)/Developer/Library/Frameworks",
					"$(inherited)",
				);
				INFOPLIST_FILE = M2QuickKitStringDragonTests/Info.plist;
				LD_RUNPATH_SEARCH_PATHS = "$(inherited) @executable_path/Frameworks @loader_path/Frameworks";
				PRODUCT_NAME = "$(TARGET_NAME)";
				TEST_HOST = "$(BUILT_PRODUCTS_DIR)/M2QuickKitStringDragon.app/M2QuickKitStringDragon";
			};
			name = Release;
		};
/* End XCBuildConfiguration section */

/* Begin XCConfigurationList section */
		1A845C181B86C7E100C9801F /* Build configuration list for PBXProject "M2QuickKitStringDragon" */ = {
			isa = XCConfigurationList;
			buildConfigurations = (
				1A845C3E1B86C7E100C9801F /* Debug */,
				1A845C3F1B86C7E100C9801F /* Release */,
			);
			defaultConfigurationIsVisible = 0;
			defaultConfigurationName = Release;
		};
		1A845C401B86C7E100C9801F /* Build configuration list for PBXNativeTarget "M2QuickKitStringDragon" */ = {
			isa = XCConfigurationList;
			buildConfigurations = (
				1A845C411B86C7E100C9801F /* Debug */,
				1A845C421B86C7E100C9801F /* Release */,
			);
			defaultConfigurationIsVisible = 0;
			defaultConfigurationName = Release;
		};
		1A845C431B86C7E100C9801F /* Build configuration list for PBXNativeTarget "M2QuickKitStringDragonTests" */ = {
			isa = XCConfigurationList;
			buildConfigurations = (
				1A845C441B86C7E100C9801F /* Debug */,
				1A845C451B86C7E100C9801F /* Release */,
			);
			defaultConfigurationIsVisible = 0;
			defaultConfigurationName = Release;
		};
/* End XCConfigurationList section */
	};
	rootObject = 1A845C151B86C7E100C9801F /* Project object */;
}
